
Microsoft Visual Studio Solution File, Format Version 12.00
# Visual Studio Version 17
VisualStudioVersion = 17.0.31903.59
MinimumVisualStudioVersion = 10.0.40219.1
Project("{FAE04EC0-301F-11D3-BF4B-00C04F79EFBC}") = "Nordfin-AssignmentAPI", "Nordfin-Assignment\Nordfin-AssignmentAPI.csproj", "{EDA82E4A-0A82-4E73-A9B5-961E345A8A2B}"
EndProject
Project("{FAE04EC0-301F-11D3-BF4B-00C04F79EFBC}") = "Nordfin-AssignmentServices", "Nordfin-AssignmentServices\Nordfin-AssignmentServices.csproj", "{0EE16880-DE43-4985-9788-A05C955EAB77}"
EndProject
Project("{FAE04EC0-301F-11D3-BF4B-00C04F79EFBC}") = "Nordfin-AssignmentData", "Nordfin-AssignmentData\Nordfin-AssignmentData.csproj", "{8ADF4199-EFC2-4766-A3B2-B93A5029ED43}"
EndProject
Project("{FAE04EC0-301F-11D3-BF4B-00C04F79EFBC}") = "Nordfin-AssignmentShared", "Nordfin-AssignmentShared\Nordfin-AssignmentShared.csproj", "{172D8010-53FE-47FD-83FF-E92B43D5FE58}"
EndProject
Project("{2150E333-8FDC-42A3-9474-1A3956D46DE8}") = "Solution Items", "Solution Items", "{0912F130-B783-4C22-8B50-A562B24989C6}"
	ProjectSection(SolutionItems) = preProject
		.editorconfig = .editorconfig
	EndProjectSection
EndProject
Global
	GlobalSection(SolutionConfigurationPlatforms) = preSolution
		Debug|Any CPU = Debug|Any CPU
		Release|Any CPU = Release|Any CPU
	EndGlobalSection
	GlobalSection(ProjectConfigurationPlatforms) = postSolution
		{EDA82E4A-0A82-4E73-A9B5-961E345A8A2B}.Debug|Any CPU.ActiveCfg = Debug|Any CPU
		{EDA82E4A-0A82-4E73-A9B5-961E345A8A2B}.Debug|Any CPU.Build.0 = Debug|Any CPU
		{EDA82E4A-0A82-4E73-A9B5-961E345A8A2B}.Release|Any CPU.ActiveCfg = Release|Any CPU
		{EDA82E4A-0A82-4E73-A9B5-961E345A8A2B}.Release|Any CPU.Build.0 = Release|Any CPU
		{0EE16880-DE43-4985-9788-A05C955EAB77}.Debug|Any CPU.ActiveCfg = Debug|Any CPU
		{0EE16880-DE43-4985-9788-A05C955EAB77}.Debug|Any CPU.Build.0 = Debug|Any CPU
		{0EE16880-DE43-4985-9788-A05C955EAB77}.Release|Any CPU.ActiveCfg = Release|Any CPU
		{0EE16880-DE43-4985-9788-A05C955EAB77}.Release|Any CPU.Build.0 = Release|Any CPU
		{8ADF4199-EFC2-4766-A3B2-B93A5029ED43}.Debug|Any CPU.ActiveCfg = Debug|Any CPU
		{8ADF4199-EFC2-4766-A3B2-B93A5029ED43}.Debug|Any CPU.Build.0 = Debug|Any CPU
		{8ADF4199-EFC2-4766-A3B2-B93A5029ED43}.Release|Any CPU.ActiveCfg = Release|Any CPU
		{8ADF4199-EFC2-4766-A3B2-B93A5029ED43}.Release|Any CPU.Build.0 = Release|Any CPU
		{172D8010-53FE-47FD-83FF-E92B43D5FE58}.Debug|Any CPU.ActiveCfg = Debug|Any CPU
		{172D8010-53FE-47FD-83FF-E92B43D5FE58}.Debug|Any CPU.Build.0 = Debug|Any CPU
		{172D8010-53FE-47FD-83FF-E92B43D5FE58}.Release|Any CPU.ActiveCfg = Release|Any CPU
		{172D8010-53FE-47FD-83FF-E92B43D5FE58}.Release|Any CPU.Build.0 = Release|Any CPU
	EndGlobalSection
	GlobalSection(SolutionProperties) = preSolution
		HideSolutionNode = FALSE
	EndGlobalSection
	GlobalSection(ExtensibilityGlobals) = postSolution
		SolutionGuid = {483DDC26-CA84-4F0A-88CC-E5E775B190FC}
	EndGlobalSection
EndGlobal
